
Microsoft Visual Studio Solution File, Format Version 12.00
# Visual Studio 2012
Project("{FAE04EC0-301F-11D3-BF4B-00C04F79EFBC}") = "Browse", "Browse\Browse.csproj", "{4F6F35AA-626B-427A-AC86-3EDCF2B26B4A}"
EndProject
Project("{FAE04EC0-301F-11D3-BF4B-00C04F79EFBC}") = "CC.Common.JSON", "CC.Common.JSON\CC.Common.JSON\CC.Common.JSON.csproj", "{3BE57ABA-0683-45AE-9434-F0F1BDD0030F}"
EndProject
Global
	GlobalSection(SolutionConfigurationPlatforms) = preSolution
		Debug|Any CPU = Debug|Any CPU
		Release|Any CPU = Release|Any CPU
	EndGlobalSection
	GlobalSection(ProjectConfigurationPlatforms) = postSolution
		{4F6F35AA-626B-427A-AC86-3EDCF2B26B4A}.Debug|Any CPU.ActiveCfg = Debug|Any CPU
		{4F6F35AA-626B-427A-AC86-3EDCF2B26B4A}.Debug|Any CPU.Build.0 = Debug|Any CPU
		{4F6F35AA-626B-427A-AC86-3EDCF2B26B4A}.Release|Any CPU.ActiveCfg = Release|Any CPU
		{4F6F35AA-626B-427A-AC86-3EDCF2B26B4A}.Release|Any CPU.Build.0 = Release|Any CPU
		{3BE57ABA-0683-45AE-9434-F0F1BDD0030F}.Debug|Any CPU.ActiveCfg = Debug|Any CPU
		{3BE57ABA-0683-45AE-9434-F0F1BDD0030F}.Debug|Any CPU.Build.0 = Debug|Any CPU
		{3BE57ABA-0683-45AE-9434-F0F1BDD0030F}.Release|Any CPU.ActiveCfg = Release|Any CPU
		{3BE57ABA-0683-45AE-9434-F0F1BDD0030F}.Release|Any CPU.Build.0 = Release|Any CPU
	EndGlobalSection
	GlobalSection(SolutionProperties) = preSolution
		HideSolutionNode = FALSE
	EndGlobalSection
EndGlobal
